
Microsoft Visual Studio Solution File, Format Version 12.00
# Visual Studio Version 17
VisualStudioVersion = 17.3.32922.545
MinimumVisualStudioVersion = 10.0.40219.1
Project("{FAE04EC0-301F-11D3-BF4B-00C04F79EFBC}") = "Employee-App", "Employee-App\Employee-App.csproj", "{10A36008-29D2-4DA1-A1FF-5A27A1DCC875}"
EndProject
Global
	GlobalSection(SolutionConfigurationPlatforms) = preSolution
		Debug|Any CPU = Debug|Any CPU
		Release|Any CPU = Release|Any CPU
	EndGlobalSection
	GlobalSection(ProjectConfigurationPlatforms) = postSolution
		{10A36008-29D2-4DA1-A1FF-5A27A1DCC875}.Debug|Any CPU.ActiveCfg = Debug|Any CPU
		{10A36008-29D2-4DA1-A1FF-5A27A1DCC875}.Debug|Any CPU.Build.0 = Debug|Any CPU
		{10A36008-29D2-4DA1-A1FF-5A27A1DCC875}.Release|Any CPU.ActiveCfg = Release|Any CPU
		{10A36008-29D2-4DA1-A1FF-5A27A1DCC875}.Release|Any CPU.Build.0 = Release|Any CPU
	EndGlobalSection
	GlobalSection(SolutionProperties) = preSolution
		HideSolutionNode = FALSE
	EndGlobalSection
	GlobalSection(ExtensibilityGlobals) = postSolution
		SolutionGuid = {216B0727-045F-40F7-BE74-49B829185715}
	EndGlobalSection
EndGlobal
